
Microsoft Visual Studio Solution File, Format Version 12.00
# Visual Studio 15
VisualStudioVersion = 15.0.27703.1
MinimumVisualStudioVersion = 10.0.40219.1
Project("{FAE04EC0-301F-11D3-BF4B-00C04F79EFBC}") = "DataTests", "DataTests\DataTests.csproj", "{6222842C-EF9C-4625-B82E-D84C8D6D87DA}"
EndProject
Project("{FAE04EC0-301F-11D3-BF4B-00C04F79EFBC}") = "DBUtilities", "..\DBUtilities\DBUtilities\DBUtilities.csproj", "{8B105F76-6C23-40BC-A302-3772BB498F43}"
EndProject
Global
	GlobalSection(SolutionConfigurationPlatforms) = preSolution
		Debug|Any CPU = Debug|Any CPU
		Release|Any CPU = Release|Any CPU
	EndGlobalSection
	GlobalSection(ProjectConfigurationPlatforms) = postSolution
		{6222842C-EF9C-4625-B82E-D84C8D6D87DA}.Debug|Any CPU.ActiveCfg = Debug|Any CPU
		{6222842C-EF9C-4625-B82E-D84C8D6D87DA}.Debug|Any CPU.Build.0 = Debug|Any CPU
		{6222842C-EF9C-4625-B82E-D84C8D6D87DA}.Release|Any CPU.ActiveCfg = Release|Any CPU
		{6222842C-EF9C-4625-B82E-D84C8D6D87DA}.Release|Any CPU.Build.0 = Release|Any CPU
		{8B105F76-6C23-40BC-A302-3772BB498F43}.Debug|Any CPU.ActiveCfg = Debug|Any CPU
		{8B105F76-6C23-40BC-A302-3772BB498F43}.Debug|Any CPU.Build.0 = Debug|Any CPU
		{8B105F76-6C23-40BC-A302-3772BB498F43}.Release|Any CPU.ActiveCfg = Release|Any CPU
		{8B105F76-6C23-40BC-A302-3772BB498F43}.Release|Any CPU.Build.0 = Release|Any CPU
	EndGlobalSection
	GlobalSection(SolutionProperties) = preSolution
		HideSolutionNode = FALSE
	EndGlobalSection
	GlobalSection(ExtensibilityGlobals) = postSolution
		SolutionGuid = {3B4D9493-A642-4C1F-9B92-DEA680FC89AA}
	EndGlobalSection
EndGlobal
